
Microsoft Visual Studio Solution File, Format Version 12.00
# Visual Studio Version 16
VisualStudioVersion = 16.0.31229.75
MinimumVisualStudioVersion = 10.0.40219.1
Project("{FAE04EC0-301F-11D3-BF4B-00C04F79EFBC}") = "MyAzureApplication", "MyAzureApplication.csproj", "{36AF2C55-C628-433C-BFCB-783D255791D6}"
EndProject
Global
	GlobalSection(SolutionConfigurationPlatforms) = preSolution
		Debug|Any CPU = Debug|Any CPU
		Release|Any CPU = Release|Any CPU
	EndGlobalSection
	GlobalSection(ProjectConfigurationPlatforms) = postSolution
		{36AF2C55-C628-433C-BFCB-783D255791D6}.Debug|Any CPU.ActiveCfg = Debug|Any CPU
		{36AF2C55-C628-433C-BFCB-783D255791D6}.Debug|Any CPU.Build.0 = Debug|Any CPU
		{36AF2C55-C628-433C-BFCB-783D255791D6}.Release|Any CPU.ActiveCfg = Release|Any CPU
		{36AF2C55-C628-433C-BFCB-783D255791D6}.Release|Any CPU.Build.0 = Release|Any CPU
	EndGlobalSection
	GlobalSection(SolutionProperties) = preSolution
		HideSolutionNode = FALSE
	EndGlobalSection
	GlobalSection(ExtensibilityGlobals) = postSolution
		SolutionGuid = {8EFE4758-F988-4D6F-A923-04F201486AA5}
	EndGlobalSection
EndGlobal
